
Microsoft Visual Studio Solution File, Format Version 12.00
# Visual Studio Version 17
VisualStudioVersion = 17.5.002.0
MinimumVisualStudioVersion = 10.0.40219.1
Project("{9A19103F-16F7-4668-BE54-9A1E7A4F7556}") = "Backend", "Backend.csproj", "{C02270C2-B7DD-44E3-95A2-A8EA3BF162E8}"
EndProject
Global
	GlobalSection(SolutionConfigurationPlatforms) = preSolution
		Debug|Any CPU = Debug|Any CPU
		Release|Any CPU = Release|Any CPU
	EndGlobalSection
	GlobalSection(ProjectConfigurationPlatforms) = postSolution
		{C02270C2-B7DD-44E3-95A2-A8EA3BF162E8}.Debug|Any CPU.ActiveCfg = Debug|Any CPU
		{C02270C2-B7DD-44E3-95A2-A8EA3BF162E8}.Debug|Any CPU.Build.0 = Debug|Any CPU
		{C02270C2-B7DD-44E3-95A2-A8EA3BF162E8}.Release|Any CPU.ActiveCfg = Release|Any CPU
		{C02270C2-B7DD-44E3-95A2-A8EA3BF162E8}.Release|Any CPU.Build.0 = Release|Any CPU
	EndGlobalSection
	GlobalSection(SolutionProperties) = preSolution
		HideSolutionNode = FALSE
	EndGlobalSection
	GlobalSection(ExtensibilityGlobals) = postSolution
		SolutionGuid = {7D163508-3F33-41BE-BEB5-C708B74BF6F2}
	EndGlobalSection
EndGlobal
